// !$*UTF8*$!
{
	archiveVersion = 1;
	classes = {
	};
	objectVersion = 46;
	objects = {

/* Begin PBXBuildFile section */
		991F6B3D18BF7BAC008B1A63 /* Foundation.framework in Frameworks */ = {isa = PBXBuildFile; fileRef = 991F6B3C18BF7BAC008B1A63 /* Foundation.framework */; };
		991F6B3F18BF7BAC008B1A63 /* CoreGraphics.framework in Frameworks */ = {isa = PBXBuildFile; fileRef = 991F6B3E18BF7BAC008B1A63 /* CoreGraphics.framework */; };
		991F6B4118BF7BAC008B1A63 /* UIKit.framework in Frameworks */ = {isa = PBXBuildFile; fileRef = 991F6B4018BF7BAC008B1A63 /* UIKit.framework */; };
		991F6B4718BF7BAC008B1A63 /* InfoPlist.strings in Resources */ = {isa = PBXBuildFile; fileRef = 991F6B4518BF7BAC008B1A63 /* InfoPlist.strings */; };
		991F6B4918BF7BAC008B1A63 /* main.m in Sources */ = {isa = PBXBuildFile; fileRef = 991F6B4818BF7BAC008B1A63 /* main.m */; };
		991F6B4D18BF7BAC008B1A63 /* AppDelegate.m in Sources */ = {isa = PBXBuildFile; fileRef = 991F6B4C18BF7BAC008B1A63 /* AppDelegate.m */; };
		991F6B5018BF7BAC008B1A63 /* Main.storyboard in Resources */ = {isa = PBXBuildFile; fileRef = 991F6B4E18BF7BAC008B1A63 /* Main.storyboard */; };
		991F6B5318BF7BAC008B1A63 /* ViewController.m in Sources */ = {isa = PBXBuildFile; fileRef = 991F6B5218BF7BAC008B1A63 /* ViewController.m */; };
		991F6B5518BF7BAC008B1A63 /* Images.xcassets in Resources */ = {isa = PBXBuildFile; fileRef = 991F6B5418BF7BAC008B1A63 /* Images.xcassets */; };
		991F6B5C18BF7BAC008B1A63 /* XCTest.framework in Frameworks */ = {isa = PBXBuildFile; fileRef = 991F6B5B18BF7BAC008B1A63 /* XCTest.framework */; };
		991F6B5D18BF7BAC008B1A63 /* Foundation.framework in Frameworks */ = {isa = PBXBuildFile; fileRef = 991F6B3C18BF7BAC008B1A63 /* Foundation.framework */; };
		991F6B5E18BF7BAC008B1A63 /* UIKit.framework in Frameworks */ = {isa = PBXBuildFile; fileRef = 991F6B4018BF7BAC008B1A63 /* UIKit.framework */; };
		991F6B6618BF7BAC008B1A63 /* InfoPlist.strings in Resources */ = {isa = PBXBuildFile; fileRef = 991F6B6418BF7BAC008B1A63 /* InfoPlist.strings */; };
		991F6B6818BF7BAC008B1A63 /* DebuggingTests.m in Sources */ = {isa = PBXBuildFile; fileRef = 991F6B6718BF7BAC008B1A63 /* DebuggingTests.m */; };
/* End PBXBuildFile section */

/* Begin PBXContainerItemProxy section */
		991F6B5F18BF7BAC008B1A63 /* PBXContainerItemProxy */ = {
			isa = PBXContainerItemProxy;
			containerPortal = 991F6B3118BF7BAC008B1A63 /* Project object */;
			proxyType = 1;
			remoteGlobalIDString = 991F6B3818BF7BAC008B1A63;
			remoteInfo = Debugging;
		};
/* End PBXContainerItemProxy section */

/* Begin PBXFileReference section */
		991F6B3918BF7BAC008B1A63 /* Debugging.app */ = {isa = PBXFileReference; explicitFileType = wrapper.application; includeInIndex = 0; path = Debugging.app; sourceTree = BUILT_PRODUCTS_DIR; };
		991F6B3C18BF7BAC008B1A63 /* Foundation.framework */ = {isa = PBXFileReference; lastKnownFileType = wrapper.framework; name = Foundation.framework; path = System/Library/Frameworks/Foundation.framework; sourceTree = SDKROOT; };
		991F6B3E18BF7BAC008B1A63 /* CoreGraphics.framework */ = {isa = PBXFileReference; lastKnownFileType = wrapper.framework; name = CoreGraphics.framework; path = System/Library/Frameworks/CoreGraphics.framework; sourceTree = SDKROOT; };
		991F6B4018BF7BAC008B1A63 /* UIKit.framework */ = {isa = PBXFileReference; lastKnownFileType = wrapper.framework; name = UIKit.framework; path = System/Library/Frameworks/UIKit.framework; sourceTree = SDKROOT; };
		991F6B4418BF7BAC008B1A63 /* Debugging-Info.plist */ = {isa = PBXFileReference; lastKnownFileType = text.plist.xml; path = "Debugging-Info.plist"; sourceTree = "<group>"; };
		991F6B4618BF7BAC008B1A63 /* en */ = {isa = PBXFileReference; lastKnownFileType = text.plist.strings; name = en; path = en.lproj/InfoPlist.strings; sourceTree = "<group>"; };
		991F6B4818BF7BAC008B1A63 /* main.m */ = {isa = PBXFileReference; lastKnownFileType = sourcecode.c.objc; path = main.m; sourceTree = "<group>"; };
		991F6B4A18BF7BAC008B1A63 /* Debugging-Prefix.pch */ = {isa = PBXFileReference; lastKnownFileType = sourcecode.c.h; path = "Debugging-Prefix.pch"; sourceTree = "<group>"; };
		991F6B4B18BF7BAC008B1A63 /* AppDelegate.h */ = {isa = PBXFileReference; lastKnownFileType = sourcecode.c.h; path = AppDelegate.h; sourceTree = "<group>"; };
		991F6B4C18BF7BAC008B1A63 /* AppDelegate.m */ = {isa = PBXFileReference; lastKnownFileType = sourcecode.c.objc; path = AppDelegate.m; sourceTree = "<group>"; };
		991F6B4F18BF7BAC008B1A63 /* Base */ = {isa = PBXFileReference; lastKnownFileType = file.storyboard; name = Base; path = Base.lproj/Main.storyboard; sourceTree = "<group>"; };
		991F6B5118BF7BAC008B1A63 /* ViewController.h */ = {isa = PBXFileReference; lastKnownFileType = sourcecode.c.h; path = ViewController.h; sourceTree = "<group>"; };
		991F6B5218BF7BAC008B1A63 /* ViewController.m */ = {isa = PBXFileReference; lastKnownFileType = sourcecode.c.objc; path = ViewController.m; sourceTree = "<group>"; };
		991F6B5418BF7BAC008B1A63 /* Images.xcassets */ = {isa = PBXFileReference; lastKnownFileType = folder.assetcatalog; path = Images.xcassets; sourceTree = "<group>"; };
		991F6B5A18BF7BAC008B1A63 /* DebuggingTests.xctest */ = {isa = PBXFileReference; explicitFileType = wrapper.cfbundle; includeInIndex = 0; path = DebuggingTests.xctest; sourceTree = BUILT_PRODUCTS_DIR; };
		991F6B5B18BF7BAC008B1A63 /* XCTest.framework */ = {isa = PBXFileReference; lastKnownFileType = wrapper.framework; name = XCTest.framework; path = Library/Frameworks/XCTest.framework; sourceTree = DEVELOPER_DIR; };
		991F6B6318BF7BAC008B1A63 /* DebuggingTests-Info.plist */ = {isa = PBXFileReference; lastKnownFileType = text.plist.xml; path = "DebuggingTests-Info.plist"; sourceTree = "<group>"; };
		991F6B6518BF7BAC008B1A63 /* en */ = {isa = PBXFileReference; lastKnownFileType = text.plist.strings; name = en; path = en.lproj/InfoPlist.strings; sourceTree = "<group>"; };
		991F6B6718BF7BAC008B1A63 /* DebuggingTests.m */ = {isa = PBXFileReference; lastKnownFileType = sourcecode.c.objc; path = DebuggingTests.m; sourceTree = "<group>"; };
/* End PBXFileReference section */

/* Begin PBXFrameworksBuildPhase section */
		991F6B3618BF7BAC008B1A63 /* Frameworks */ = {
			isa = PBXFrameworksBuildPhase;
			buildActionMask = 2147483647;
			files = (
				991F6B3F18BF7BAC008B1A63 /* CoreGraphics.framework in Frameworks */,
				991F6B4118BF7BAC008B1A63 /* UIKit.framework in Frameworks */,
				991F6B3D18BF7BAC008B1A63 /* Foundation.framework in Frameworks */,
			);
			runOnlyForDeploymentPostprocessing = 0;
		};
		991F6B5718BF7BAC008B1A63 /* Frameworks */ = {
			isa = PBXFrameworksBuildPhase;
			buildActionMask = 2147483647;
			files = (
				991F6B5C18BF7BAC008B1A63 /* XCTest.framework in Frameworks */,
				991F6B5E18BF7BAC008B1A63 /* UIKit.framework in Frameworks */,
				991F6B5D18BF7BAC008B1A63 /* Foundation.framework in Frameworks */,
			);
			runOnlyForDeploymentPostprocessing = 0;
		};
/* End PBXFrameworksBuildPhase section */

/* Begin PBXGroup section */
		991F6B3018BF7BAC008B1A63 = {
			isa = PBXGroup;
			children = (
				991F6B4218BF7BAC008B1A63 /* Debugging */,
				991F6B6118BF7BAC008B1A63 /* DebuggingTests */,
				991F6B3B18BF7BAC008B1A63 /* Frameworks */,
				991F6B3A18BF7BAC008B1A63 /* Products */,
			);
			sourceTree = "<group>";
		};
		991F6B3A18BF7BAC008B1A63 /* Products */ = {
			isa = PBXGroup;
			children = (
				991F6B3918BF7BAC008B1A63 /* Debugging.app */,
				991F6B5A18BF7BAC008B1A63 /* DebuggingTests.xctest */,
			);
			name = Products;
			sourceTree = "<group>";
		};
		991F6B3B18BF7BAC008B1A63 /* Frameworks */ = {
			isa = PBXGroup;
			children = (
				991F6B3C18BF7BAC008B1A63 /* Foundation.framework */,
				991F6B3E18BF7BAC008B1A63 /* CoreGraphics.framework */,
				991F6B4018BF7BAC008B1A63 /* UIKit.framework */,
				991F6B5B18BF7BAC008B1A63 /* XCTest.framework */,
			);
			name = Frameworks;
			sourceTree = "<group>";
		};
		991F6B4218BF7BAC008B1A63 /* Debugging */ = {
			isa = PBXGroup;
			children = (
				991F6B4B18BF7BAC008B1A63 /* AppDelegate.h */,
				991F6B4C18BF7BAC008B1A63 /* AppDelegate.m */,
				991F6B4E18BF7BAC008B1A63 /* Main.storyboard */,
				991F6B5118BF7BAC008B1A63 /* ViewController.h */,
				991F6B5218BF7BAC008B1A63 /* ViewController.m */,
				991F6B5418BF7BAC008B1A63 /* Images.xcassets */,
				991F6B4318BF7BAC008B1A63 /* Supporting Files */,
			);
			path = Debugging;
			sourceTree = "<group>";
		};
		991F6B4318BF7BAC008B1A63 /* Supporting Files */ = {
			isa = PBXGroup;
			children = (
				991F6B4418BF7BAC008B1A63 /* Debugging-Info.plist */,
				991F6B4518BF7BAC008B1A63 /* InfoPlist.strings */,
				991F6B4818BF7BAC008B1A63 /* main.m */,
				991F6B4A18BF7BAC008B1A63 /* Debugging-Prefix.pch */,
			);
			name = "Supporting Files";
			sourceTree = "<group>";
		};
		991F6B6118BF7BAC008B1A63 /* DebuggingTests */ = {
			isa = PBXGroup;
			children = (
				991F6B6718BF7BAC008B1A63 /* DebuggingTests.m */,
				991F6B6218BF7BAC008B1A63 /* Supporting Files */,
			);
			path = DebuggingTests;
			sourceTree = "<group>";
		};
		991F6B6218BF7BAC008B1A63 /* Supporting Files */ = {
			isa = PBXGroup;
			children = (
				991F6B6318BF7BAC008B1A63 /* DebuggingTests-Info.plist */,
				991F6B6418BF7BAC008B1A63 /* InfoPlist.strings */,
			);
			name = "Supporting Files";
			sourceTree = "<group>";
		};
/* End PBXGroup section */

/* Begin PBXNativeTarget section */
		991F6B3818BF7BAC008B1A63 /* Debugging */ = {
			isa = PBXNativeTarget;
			buildConfigurationList = 991F6B6B18BF7BAC008B1A63 /* Build configuration list for PBXNativeTarget "Debugging" */;
			buildPhases = (
				991F6B3518BF7BAC008B1A63 /* Sources */,
				991F6B3618BF7BAC008B1A63 /* Frameworks */,
				991F6B3718BF7BAC008B1A63 /* Resources */,
			);
			buildRules = (
			);
			dependencies = (
			);
			name = Debugging;
			productName = Debugging;
			productReference = 991F6B3918BF7BAC008B1A63 /* Debugging.app */;
			productType = "com.apple.product-type.application";
		};
		991F6B5918BF7BAC008B1A63 /* DebuggingTests */ = {
			isa = PBXNativeTarget;
			buildConfigurationList = 991F6B6E18BF7BAC008B1A63 /* Build configuration list for PBXNativeTarget "DebuggingTests" */;
			buildPhases = (
				991F6B5618BF7BAC008B1A63 /* Sources */,
				991F6B5718BF7BAC008B1A63 /* Frameworks */,
				991F6B5818BF7BAC008B1A63 /* Resources */,
			);
			buildRules = (
			);
			dependencies = (
				991F6B6018BF7BAC008B1A63 /* PBXTargetDependency */,
			);
			name = DebuggingTests;
			productName = DebuggingTests;
			productReference = 991F6B5A18BF7BAC008B1A63 /* DebuggingTests.xctest */;
			productType = "com.apple.product-type.bundle.unit-test";
		};
/* End PBXNativeTarget section */

/* Begin PBXProject section */
		991F6B3118BF7BAC008B1A63 /* Project object */ = {
			isa = PBXProject;
			attributes = {
				LastUpgradeCheck = 0500;
				TargetAttributes = {
					991F6B5918BF7BAC008B1A63 = {
						TestTargetID = 991F6B3818BF7BAC008B1A63;
					};
				};
			};
			buildConfigurationList = 991F6B3418BF7BAC008B1A63 /* Build configuration list for PBXProject "Debugging" */;
			compatibilityVersion = "Xcode 3.2";
			developmentRegion = English;
			hasScannedForEncodings = 0;
			knownRegions = (
				en,
				Base,
			);
			mainGroup = 991F6B3018BF7BAC008B1A63;
			productRefGroup = 991F6B3A18BF7BAC008B1A63 /* Products */;
			projectDirPath = "";
			projectRoot = "";
			targets = (
				991F6B3818BF7BAC008B1A63 /* Debugging */,
				991F6B5918BF7BAC008B1A63 /* DebuggingTests */,
			);
		};
/* End PBXProject section */

/* Begin PBXResourcesBuildPhase section */
		991F6B3718BF7BAC008B1A63 /* Resources */ = {
			isa = PBXResourcesBuildPhase;
			buildActionMask = 2147483647;
			files = (
				991F6B5518BF7BAC008B1A63 /* Images.xcassets in Resources */,
				991F6B4718BF7BAC008B1A63 /* InfoPlist.strings in Resources */,
				991F6B5018BF7BAC008B1A63 /* Main.storyboard in Resources */,
			);
			runOnlyForDeploymentPostprocessing = 0;
		};
		991F6B5818BF7BAC008B1A63 /* Resources */ = {
			isa = PBXResourcesBuildPhase;
			buildActionMask = 2147483647;
			files = (
				991F6B6618BF7BAC008B1A63 /* InfoPlist.strings in Resources */,
			);
			runOnlyForDeploymentPostprocessing = 0;
		};
/* End PBXResourcesBuildPhase section */

/* Begin PBXSourcesBuildPhase section */
		991F6B3518BF7BAC008B1A63 /* Sources */ = {
			isa = PBXSourcesBuildPhase;
			buildActionMask = 2147483647;
			files = (
				991F6B5318BF7BAC008B1A63 /* ViewController.m in Sources */,
				991F6B4D18BF7BAC008B1A63 /* AppDelegate.m in Sources */,
				991F6B4918BF7BAC008B1A63 /* main.m in Sources */,
			);
			runOnlyForDeploymentPostprocessing = 0;
		};
		991F6B5618BF7BAC008B1A63 /* Sources */ = {
			isa = PBXSourcesBuildPhase;
			buildActionMask = 2147483647;
			files = (
				991F6B6818BF7BAC008B1A63 /* DebuggingTests.m in Sources */,
			);
			runOnlyForDeploymentPostprocessing = 0;
		};
/* End PBXSourcesBuildPhase section */

/* Begin PBXTargetDependency section */
		991F6B6018BF7BAC008B1A63 /* PBXTargetDependency */ = {
			isa = PBXTargetDependency;
			target = 991F6B3818BF7BAC008B1A63 /* Debugging */;
			targetProxy = 991F6B5F18BF7BAC008B1A63 /* PBXContainerItemProxy */;
		};
/* End PBXTargetDependency section */

/* Begin PBXVariantGroup section */
		991F6B4518BF7BAC008B1A63 /* InfoPlist.strings */ = {
			isa = PBXVariantGroup;
			children = (
				991F6B4618BF7BAC008B1A63 /* en */,
			);
			name = InfoPlist.strings;
			sourceTree = "<group>";
		};
		991F6B4E18BF7BAC008B1A63 /* Main.storyboard */ = {
			isa = PBXVariantGroup;
			children = (
				991F6B4F18BF7BAC008B1A63 /* Base */,
			);
			name = Main.storyboard;
			sourceTree = "<group>";
		};
		991F6B6418BF7BAC008B1A63 /* InfoPlist.strings */ = {
			isa = PBXVariantGroup;
			children = (
				991F6B6518BF7BAC008B1A63 /* en */,
			);
			name = InfoPlist.strings;
			sourceTree = "<group>";
		};
/* End PBXVariantGroup section */

/* Begin XCBuildConfiguration section */
		991F6B6918BF7BAC008B1A63 /* Debug */ = {
			isa = XCBuildConfiguration;
			buildSettings = {
				ALWAYS_SEARCH_USER_PATHS = NO;
				ARCHS = "$(ARCHS_STANDARD_INCLUDING_64_BIT)";
				CLANG_CXX_LANGUAGE_STANDARD = "gnu++0x";
				CLANG_CXX_LIBRARY = "libc++";
				CLANG_ENABLE_MODULES = YES;
				CLANG_ENABLE_OBJC_ARC = YES;
				CLANG_WARN_BOOL_CONVERSION = YES;
				CLANG_WARN_CONSTANT_CONVERSION = YES;
				CLANG_WARN_DIRECT_OBJC_ISA_USAGE = YES_ERROR;
				CLANG_WARN_EMPTY_BODY = YES;
				CLANG_WARN_ENUM_CONVERSION = YES;
				CLANG_WARN_INT_CONVERSION = YES;
				CLANG_WARN_OBJC_ROOT_CLASS = YES_ERROR;
				CLANG_WARN__DUPLICATE_METHOD_MATCH = YES;
				"CODE_SIGN_IDENTITY[sdk=iphoneos*]" = "iPhone Developer";
				COPY_PHASE_STRIP = NO;
				GCC_C_LANGUAGE_STANDARD = gnu99;
				GCC_DYNAMIC_NO_PIC = NO;
				GCC_OPTIMIZATION_LEVEL = 0;
				GCC_PREPROCESSOR_DEFINITIONS = (
					"DEBUG=1",
					"$(inherited)",
				);
				GCC_SYMBOLS_PRIVATE_EXTERN = NO;
				GCC_WARN_64_TO_32_BIT_CONVERSION = YES;
				GCC_WARN_ABOUT_RETURN_TYPE = YES_ERROR;
				GCC_WARN_UNDECLARED_SELECTOR = YES;
				GCC_WARN_UNINITIALIZED_AUTOS = YES;
				GCC_WARN_UNUSED_FUNCTION = YES;
				GCC_WARN_UNUSED_VARIABLE = YES;
				IPHONEOS_DEPLOYMENT_TARGET = 7.0;
				ONLY_ACTIVE_ARCH = YES;
				SDKROOT = iphoneos;
			};
			name = Debug;
		};
		991F6B6A18BF7BAC008B1A63 /* Release */ = {
			isa = XCBuildConfiguration;
			buildSettings = {
				ALWAYS_SEARCH_USER_PATHS = NO;
				ARCHS = "$(ARCHS_STANDARD_INCLUDING_64_BIT)";
				CLANG_CXX_LANGUAGE_STANDARD = "gnu++0x";
				CLANG_CXX_LIBRARY = "libc++";
				CLANG_ENABLE_MODULES = YES;
				CLANG_ENABLE_OBJC_ARC = YES;
				CLANG_WARN_BOOL_CONVERSION = YES;
				CLANG_WARN_CONSTANT_CONVERSION = YES;
				CLANG_WARN_DIRECT_OBJC_ISA_USAGE = YES_ERROR;
				CLANG_WARN_EMPTY_BODY = YES;
				CLANG_WARN_ENUM_CONVERSION = YES;
				CLANG_WARN_INT_CONVERSION = YES;
				CLANG_WARN_OBJC_ROOT_CLASS = YES_ERROR;
				CLANG_WARN__DUPLICATE_METHOD_MATCH = YES;
				"CODE_SIGN_IDENTITY[sdk=iphoneos*]" = "iPhone Developer";
				COPY_PHASE_STRIP = YES;
				ENABLE_NS_ASSERTIONS = NO;
				GCC_C_LANGUAGE_STANDARD = gnu99;
				GCC_WARN_64_TO_32_BIT_CONVERSION = YES;
				GCC_WARN_ABOUT_RETURN_TYPE = YES_ERROR;
				GCC_WARN_UNDECLARED_SELECTOR = YES;
				GCC_WARN_UNINITIALIZED_AUTOS = YES;
				GCC_WARN_UNUSED_FUNCTION = YES;
				GCC_WARN_UNUSED_VARIABLE = YES;
				IPHONEOS_DEPLOYMENT_TARGET = 7.0;
				SDKROOT = iphoneos;
				VALIDATE_PRODUCT = YES;
			};
			name = Release;
		};
		991F6B6C18BF7BAC008B1A63 /* Debug */ = {
			isa = XCBuildConfiguration;
			buildSettings = {
				ASSETCATALOG_COMPILER_APPICON_NAME = AppIcon;
				ASSETCATALOG_COMPILER_LAUNCHIMAGE_NAME = LaunchImage;
				GCC_PRECOMPILE_PREFIX_HEADER = YES;
				GCC_PREFIX_HEADER = "Debugging/Debugging-Prefix.pch";
				INFOPLIST_FILE = "Debugging/Debugging-Info.plist";
				PRODUCT_NAME = "$(TARGET_NAME)";
				WRAPPER_EXTENSION = app;
			};
			name = Debug;
		};
		991F6B6D18BF7BAC008B1A63 /* Release */ = {
			isa = XCBuildConfiguration;
			buildSettings = {
				ASSETCATALOG_COMPILER_APPICON_NAME = AppIcon;
				ASSETCATALOG_COMPILER_LAUNCHIMAGE_NAME = LaunchImage;
				GCC_PRECOMPILE_PREFIX_HEADER = YES;
				GCC_PREFIX_HEADER = "Debugging/Debugging-Prefix.pch";
				INFOPLIST_FILE = "Debugging/Debugging-Info.plist";
				PRODUCT_NAME = "$(TARGET_NAME)";
				WRAPPER_EXTENSION = app;
			};
			name = Release;
		};
		991F6B6F18BF7BAC008B1A63 /* Debug */ = {
			isa = XCBuildConfiguration;
			buildSettings = {
				ARCHS = "$(ARCHS_STANDARD_INCLUDING_64_BIT)";
				BUNDLE_LOADER = "$(BUILT_PRODUCTS_DIR)/Debugging.app/Debugging";
				FRAMEWORK_SEARCH_PATHS = (
					"$(SDKROOT)/Developer/Library/Frameworks",
					"$(inherited)",
					"$(DEVELOPER_FRAMEWORKS_DIR)",
				);
				GCC_PRECOMPILE_PREFIX_HEADER = YES;
				GCC_PREFIX_HEADER = "Debugging/Debugging-Prefix.pch";
				GCC_PREPROCESSOR_DEFINITIONS = (
					"DEBUG=1",
					"$(inherited)",
				);
				INFOPLIST_FILE = "DebuggingTests/DebuggingTests-Info.plist";
				PRODUCT_NAME = "$(TARGET_NAME)";
				TEST_HOST = "$(BUNDLE_LOADER)";
				WRAPPER_EXTENSION = xctest;
			};
			name = Debug;
		};
		991F6B7018BF7BAC008B1A63 /* Release */ = {
			isa = XCBuildConfiguration;
			buildSettings = {
				ARCHS = "$(ARCHS_STANDARD_INCLUDING_64_BIT)";
				BUNDLE_LOADER = "$(BUILT_PRODUCTS_DIR)/Debugging.app/Debugging";
				FRAMEWORK_SEARCH_PATHS = (
					"$(SDKROOT)/Developer/Library/Frameworks",
					"$(inherited)",
					"$(DEVELOPER_FRAMEWORKS_DIR)",
				);
				GCC_PRECOMPILE_PREFIX_HEADER = YES;
				GCC_PREFIX_HEADER = "Debugging/Debugging-Prefix.pch";
				INFOPLIST_FILE = "DebuggingTests/DebuggingTests-Info.plist";
				PRODUCT_NAME = "$(TARGET_NAME)";
				TEST_HOST = "$(BUNDLE_LOADER)";
				WRAPPER_EXTENSION = xctest;
			};
			name = Release;
		};
/* End XCBuildConfiguration section */

/* Begin XCConfigurationList section */
		991F6B3418BF7BAC008B1A63 /* Build configuration list for PBXProject "Debugging" */ = {
			isa = XCConfigurationList;
			buildConfigurations = (
				991F6B6918BF7BAC008B1A63 /* Debug */,
				991F6B6A18BF7BAC008B1A63 /* Release */,
			);
			defaultConfigurationIsVisible = 0;
			defaultConfigurationName = Release;
		};
		991F6B6B18BF7BAC008B1A63 /* Build configuration list for PBXNativeTarget "Debugging" */ = {
			isa = XCConfigurationList;
			buildConfigurations = (
				991F6B6C18BF7BAC008B1A63 /* Debug */,
				991F6B6D18BF7BAC008B1A63 /* Release */,
			);
			defaultConfigurationIsVisible = 0;
		};
		991F6B6E18BF7BAC008B1A63 /* Build configuration list for PBXNativeTarget "DebuggingTests" */ = {
			isa = XCConfigurationList;
			buildConfigurations = (
				991F6B6F18BF7BAC008B1A63 /* Debug */,
				991F6B7018BF7BAC008B1A63 /* Release */,
			);
			defaultConfigurationIsVisible = 0;
		};
/* End XCConfigurationList section */
	};
	rootObject = 991F6B3118BF7BAC008B1A63 /* Project object */;
}
